
Microsoft Visual Studio Solution File, Format Version 12.00
# Visual Studio 15
Project("{FAE04EC0-301F-11D3-BF4B-00C04F79EFBC}") = "Assembly-CSharp", "Assembly-CSharp.csproj", "{E56691A8-7A04-468F-4B8B-ECBCF031AAF5}"
EndProject
Project("{FAE04EC0-301F-11D3-BF4B-00C04F79EFBC}") = "Assembly-CSharp-Editor", "Assembly-CSharp-Editor.csproj", "{53905A4B-ED75-A0FE-656E-28A6911FD507}"
EndProject
Global
	GlobalSection(SolutionConfigurationPlatforms) = preSolution
		Debug|Any CPU = Debug|Any CPU
		Release|Any CPU = Release|Any CPU
	EndGlobalSection
	GlobalSection(ProjectConfigurationPlatforms) = postSolution
		{E56691A8-7A04-468F-4B8B-ECBCF031AAF5}.Debug|Any CPU.ActiveCfg = Debug|Any CPU
		{E56691A8-7A04-468F-4B8B-ECBCF031AAF5}.Debug|Any CPU.Build.0 = Debug|Any CPU
		{E56691A8-7A04-468F-4B8B-ECBCF031AAF5}.Release|Any CPU.ActiveCfg = Release|Any CPU
		{E56691A8-7A04-468F-4B8B-ECBCF031AAF5}.Release|Any CPU.Build.0 = Release|Any CPU
		{53905A4B-ED75-A0FE-656E-28A6911FD507}.Debug|Any CPU.ActiveCfg = Debug|Any CPU
		{53905A4B-ED75-A0FE-656E-28A6911FD507}.Debug|Any CPU.Build.0 = Debug|Any CPU
		{53905A4B-ED75-A0FE-656E-28A6911FD507}.Release|Any CPU.ActiveCfg = Release|Any CPU
		{53905A4B-ED75-A0FE-656E-28A6911FD507}.Release|Any CPU.Build.0 = Release|Any CPU
	EndGlobalSection
	GlobalSection(SolutionProperties) = preSolution
		HideSolutionNode = FALSE
	EndGlobalSection
EndGlobal
