
Microsoft Visual Studio Solution File, Format Version 11.00
# Visual Studio 2010
Project("{FAE04EC0-301F-11D3-BF4B-00C04F79EFBC}") = "Zenject", "Zenject.csproj", "{0f5ea0cb-91e3-6637-1663-62b7294a6975}"
EndProject
Project("{FAE04EC0-301F-11D3-BF4B-00C04F79EFBC}") = "ShadowCube", "ShadowCube.csproj", "{2c2162e3-26e4-0988-282d-901246bec666}"
EndProject
Project("{FAE04EC0-301F-11D3-BF4B-00C04F79EFBC}") = "UniRx", "UniRx.csproj", "{48d16519-e572-0e4a-4869-07d97743bf17}"
EndProject
Project("{FAE04EC0-301F-11D3-BF4B-00C04F79EFBC}") = "Zenject-IntegrationTests", "Zenject-IntegrationTests.csproj", "{8c04f6d4-28a4-c394-6278-ae147f7de82f}"
EndProject
Project("{FAE04EC0-301F-11D3-BF4B-00C04F79EFBC}") = "Zenject-IntegrationTests-Editor", "Zenject-IntegrationTests-Editor.csproj", "{785bb9f3-aac7-c18e-f362-f32dbe0fb1ac}"
EndProject
Project("{FAE04EC0-301F-11D3-BF4B-00C04F79EFBC}") = "UJoystick", "UJoystick.csproj", "{4e40695a-b2c5-f10f-c95e-84eb479b9a6c}"
EndProject
Project("{FAE04EC0-301F-11D3-BF4B-00C04F79EFBC}") = "Assembly-CSharp", "Assembly-CSharp.csproj", "{a89166e5-047a-8f46-4b8b-ecbcf031aaf5}"
EndProject
Project("{FAE04EC0-301F-11D3-BF4B-00C04F79EFBC}") = "DOTween.Modules", "DOTween.Modules.csproj", "{edb8ef79-2566-a360-8b40-fc10d37eb6c7}"
EndProject
Project("{FAE04EC0-301F-11D3-BF4B-00C04F79EFBC}") = "Zenject-PoolMonitor-Editor", "Zenject-PoolMonitor-Editor.csproj", "{b07c4200-b67e-9b91-b895-cbf64d66acf5}"
EndProject
Project("{FAE04EC0-301F-11D3-BF4B-00C04F79EFBC}") = "Zenject-UnitTests-Editor", "Zenject-UnitTests-Editor.csproj", "{eee9d263-7aaf-5896-e673-83a37fec5eb8}"
EndProject
Project("{FAE04EC0-301F-11D3-BF4B-00C04F79EFBC}") = "Zenject-ReflectionBaking-Editor", "Zenject-ReflectionBaking-Editor.csproj", "{b8ac44b2-c1bc-9318-d2d3-2799e8a39251}"
EndProject
Project("{FAE04EC0-301F-11D3-BF4B-00C04F79EFBC}") = "Zenject-TestFramework", "Zenject-TestFramework.csproj", "{1501cc43-6991-3753-194a-acc75c854112}"
EndProject
Project("{FAE04EC0-301F-11D3-BF4B-00C04F79EFBC}") = "Zenject-Editor", "Zenject-Editor.csproj", "{b42b0aa5-5ea2-83f6-cc90-eee3146c9e98}"
EndProject
Project("{FAE04EC0-301F-11D3-BF4B-00C04F79EFBC}") = "Assembly-CSharp-Editor", "Assembly-CSharp-Editor.csproj", "{4b5a9053-75ed-fea0-656e-28a6911fd507}"
EndProject
Project("{FAE04EC0-301F-11D3-BF4B-00C04F79EFBC}") = "Assembly-CSharp-firstpass", "Assembly-CSharp-firstpass.csproj", "{9fb3209e-20e8-3255-b5a9-62065671f567}"
EndProject
Global
	GlobalSection(SolutionConfigurationPlatforms) = preSolution
		Debug|Any CPU = Debug|Any CPU
	EndGlobalSection
	GlobalSection(ProjectConfigurationPlatforms) = postSolution
		{0f5ea0cb-91e3-6637-1663-62b7294a6975}.Debug|Any CPU.ActiveCfg = Debug|Any CPU
		{0f5ea0cb-91e3-6637-1663-62b7294a6975}.Debug|Any CPU.Build.0 = Debug|Any CPU
		{2c2162e3-26e4-0988-282d-901246bec666}.Debug|Any CPU.ActiveCfg = Debug|Any CPU
		{2c2162e3-26e4-0988-282d-901246bec666}.Debug|Any CPU.Build.0 = Debug|Any CPU
		{48d16519-e572-0e4a-4869-07d97743bf17}.Debug|Any CPU.ActiveCfg = Debug|Any CPU
		{48d16519-e572-0e4a-4869-07d97743bf17}.Debug|Any CPU.Build.0 = Debug|Any CPU
		{8c04f6d4-28a4-c394-6278-ae147f7de82f}.Debug|Any CPU.ActiveCfg = Debug|Any CPU
		{8c04f6d4-28a4-c394-6278-ae147f7de82f}.Debug|Any CPU.Build.0 = Debug|Any CPU
		{785bb9f3-aac7-c18e-f362-f32dbe0fb1ac}.Debug|Any CPU.ActiveCfg = Debug|Any CPU
		{785bb9f3-aac7-c18e-f362-f32dbe0fb1ac}.Debug|Any CPU.Build.0 = Debug|Any CPU
		{4e40695a-b2c5-f10f-c95e-84eb479b9a6c}.Debug|Any CPU.ActiveCfg = Debug|Any CPU
		{4e40695a-b2c5-f10f-c95e-84eb479b9a6c}.Debug|Any CPU.Build.0 = Debug|Any CPU
		{a89166e5-047a-8f46-4b8b-ecbcf031aaf5}.Debug|Any CPU.ActiveCfg = Debug|Any CPU
		{a89166e5-047a-8f46-4b8b-ecbcf031aaf5}.Debug|Any CPU.Build.0 = Debug|Any CPU
		{edb8ef79-2566-a360-8b40-fc10d37eb6c7}.Debug|Any CPU.ActiveCfg = Debug|Any CPU
		{edb8ef79-2566-a360-8b40-fc10d37eb6c7}.Debug|Any CPU.Build.0 = Debug|Any CPU
		{b07c4200-b67e-9b91-b895-cbf64d66acf5}.Debug|Any CPU.ActiveCfg = Debug|Any CPU
		{b07c4200-b67e-9b91-b895-cbf64d66acf5}.Debug|Any CPU.Build.0 = Debug|Any CPU
		{eee9d263-7aaf-5896-e673-83a37fec5eb8}.Debug|Any CPU.ActiveCfg = Debug|Any CPU
		{eee9d263-7aaf-5896-e673-83a37fec5eb8}.Debug|Any CPU.Build.0 = Debug|Any CPU
		{b8ac44b2-c1bc-9318-d2d3-2799e8a39251}.Debug|Any CPU.ActiveCfg = Debug|Any CPU
		{b8ac44b2-c1bc-9318-d2d3-2799e8a39251}.Debug|Any CPU.Build.0 = Debug|Any CPU
		{1501cc43-6991-3753-194a-acc75c854112}.Debug|Any CPU.ActiveCfg = Debug|Any CPU
		{1501cc43-6991-3753-194a-acc75c854112}.Debug|Any CPU.Build.0 = Debug|Any CPU
		{b42b0aa5-5ea2-83f6-cc90-eee3146c9e98}.Debug|Any CPU.ActiveCfg = Debug|Any CPU
		{b42b0aa5-5ea2-83f6-cc90-eee3146c9e98}.Debug|Any CPU.Build.0 = Debug|Any CPU
		{4b5a9053-75ed-fea0-656e-28a6911fd507}.Debug|Any CPU.ActiveCfg = Debug|Any CPU
		{4b5a9053-75ed-fea0-656e-28a6911fd507}.Debug|Any CPU.Build.0 = Debug|Any CPU
		{9fb3209e-20e8-3255-b5a9-62065671f567}.Debug|Any CPU.ActiveCfg = Debug|Any CPU
		{9fb3209e-20e8-3255-b5a9-62065671f567}.Debug|Any CPU.Build.0 = Debug|Any CPU
	EndGlobalSection
	GlobalSection(SolutionProperties) = preSolution
		HideSolutionNode = FALSE
	EndGlobalSection
EndGlobal
