
Microsoft Visual Studio Solution File, Format Version 12.00
# Visual Studio Version 16
VisualStudioVersion = 16.0.31911.196
MinimumVisualStudioVersion = 10.0.40219.1
Project("{FAE04EC0-301F-11D3-BF4B-00C04F79EFBC}") = "Zenject", "Zenject.csproj", "{0F5EA0CB-91E3-6637-1663-62B7294A6975}"
EndProject
Project("{FAE04EC0-301F-11D3-BF4B-00C04F79EFBC}") = "ShadowCube", "ShadowCube.csproj", "{2C2162E3-26E4-0988-282D-901246BEC666}"
EndProject
Project("{FAE04EC0-301F-11D3-BF4B-00C04F79EFBC}") = "UniRx", "UniRx.csproj", "{48D16519-E572-0E4A-4869-07D97743BF17}"
EndProject
Project("{FAE04EC0-301F-11D3-BF4B-00C04F79EFBC}") = "Zenject-IntegrationTests", "Zenject-IntegrationTests.csproj", "{8C04F6D4-28A4-C394-6278-AE147F7DE82F}"
EndProject
Project("{FAE04EC0-301F-11D3-BF4B-00C04F79EFBC}") = "Zenject-IntegrationTests-Editor", "Zenject-IntegrationTests-Editor.csproj", "{785BB9F3-AAC7-C18E-F362-F32DBE0FB1AC}"
EndProject
Project("{FAE04EC0-301F-11D3-BF4B-00C04F79EFBC}") = "UJoystick", "UJoystick.csproj", "{4E40695A-B2C5-F10F-C95E-84EB479B9A6C}"
EndProject
Project("{FAE04EC0-301F-11D3-BF4B-00C04F79EFBC}") = "Assembly-CSharp", "Assembly-CSharp.csproj", "{A89166E5-047A-8F46-4B8B-ECBCF031AAF5}"
EndProject
Project("{FAE04EC0-301F-11D3-BF4B-00C04F79EFBC}") = "DOTween.Modules", "DOTween.Modules.csproj", "{EDB8EF79-2566-A360-8B40-FC10D37EB6C7}"
EndProject
Project("{FAE04EC0-301F-11D3-BF4B-00C04F79EFBC}") = "Zenject-PoolMonitor-Editor", "Zenject-PoolMonitor-Editor.csproj", "{B07C4200-B67E-9B91-B895-CBF64D66ACF5}"
EndProject
Project("{FAE04EC0-301F-11D3-BF4B-00C04F79EFBC}") = "Zenject-UnitTests-Editor", "Zenject-UnitTests-Editor.csproj", "{EEE9D263-7AAF-5896-E673-83A37FEC5EB8}"
EndProject
Project("{FAE04EC0-301F-11D3-BF4B-00C04F79EFBC}") = "Zenject-ReflectionBaking-Editor", "Zenject-ReflectionBaking-Editor.csproj", "{B8AC44B2-C1BC-9318-D2D3-2799E8A39251}"
EndProject
Project("{FAE04EC0-301F-11D3-BF4B-00C04F79EFBC}") = "Zenject-TestFramework", "Zenject-TestFramework.csproj", "{1501CC43-6991-3753-194A-ACC75C854112}"
EndProject
Project("{FAE04EC0-301F-11D3-BF4B-00C04F79EFBC}") = "Zenject-Editor", "Zenject-Editor.csproj", "{B42B0AA5-5EA2-83F6-CC90-EEE3146C9E98}"
EndProject
Project("{FAE04EC0-301F-11D3-BF4B-00C04F79EFBC}") = "Assembly-CSharp-Editor", "Assembly-CSharp-Editor.csproj", "{4B5A9053-75ED-FEA0-656E-28A6911FD507}"
EndProject
Project("{FAE04EC0-301F-11D3-BF4B-00C04F79EFBC}") = "Assembly-CSharp-firstpass", "Assembly-CSharp-firstpass.csproj", "{9FB3209E-20E8-3255-B5A9-62065671F567}"
EndProject
Global
	GlobalSection(SolutionConfigurationPlatforms) = preSolution
		Debug|Any CPU = Debug|Any CPU
	EndGlobalSection
	GlobalSection(ProjectConfigurationPlatforms) = postSolution
		{0F5EA0CB-91E3-6637-1663-62B7294A6975}.Debug|Any CPU.ActiveCfg = Debug|Any CPU
		{0F5EA0CB-91E3-6637-1663-62B7294A6975}.Debug|Any CPU.Build.0 = Debug|Any CPU
		{2C2162E3-26E4-0988-282D-901246BEC666}.Debug|Any CPU.ActiveCfg = Debug|Any CPU
		{2C2162E3-26E4-0988-282D-901246BEC666}.Debug|Any CPU.Build.0 = Debug|Any CPU
		{48D16519-E572-0E4A-4869-07D97743BF17}.Debug|Any CPU.ActiveCfg = Debug|Any CPU
		{48D16519-E572-0E4A-4869-07D97743BF17}.Debug|Any CPU.Build.0 = Debug|Any CPU
		{8C04F6D4-28A4-C394-6278-AE147F7DE82F}.Debug|Any CPU.ActiveCfg = Debug|Any CPU
		{8C04F6D4-28A4-C394-6278-AE147F7DE82F}.Debug|Any CPU.Build.0 = Debug|Any CPU
		{785BB9F3-AAC7-C18E-F362-F32DBE0FB1AC}.Debug|Any CPU.ActiveCfg = Debug|Any CPU
		{785BB9F3-AAC7-C18E-F362-F32DBE0FB1AC}.Debug|Any CPU.Build.0 = Debug|Any CPU
		{4E40695A-B2C5-F10F-C95E-84EB479B9A6C}.Debug|Any CPU.ActiveCfg = Debug|Any CPU
		{4E40695A-B2C5-F10F-C95E-84EB479B9A6C}.Debug|Any CPU.Build.0 = Debug|Any CPU
		{A89166E5-047A-8F46-4B8B-ECBCF031AAF5}.Debug|Any CPU.ActiveCfg = Debug|Any CPU
		{A89166E5-047A-8F46-4B8B-ECBCF031AAF5}.Debug|Any CPU.Build.0 = Debug|Any CPU
		{EDB8EF79-2566-A360-8B40-FC10D37EB6C7}.Debug|Any CPU.ActiveCfg = Debug|Any CPU
		{EDB8EF79-2566-A360-8B40-FC10D37EB6C7}.Debug|Any CPU.Build.0 = Debug|Any CPU
		{B07C4200-B67E-9B91-B895-CBF64D66ACF5}.Debug|Any CPU.ActiveCfg = Debug|Any CPU
		{B07C4200-B67E-9B91-B895-CBF64D66ACF5}.Debug|Any CPU.Build.0 = Debug|Any CPU
		{EEE9D263-7AAF-5896-E673-83A37FEC5EB8}.Debug|Any CPU.ActiveCfg = Debug|Any CPU
		{EEE9D263-7AAF-5896-E673-83A37FEC5EB8}.Debug|Any CPU.Build.0 = Debug|Any CPU
		{B8AC44B2-C1BC-9318-D2D3-2799E8A39251}.Debug|Any CPU.ActiveCfg = Debug|Any CPU
		{B8AC44B2-C1BC-9318-D2D3-2799E8A39251}.Debug|Any CPU.Build.0 = Debug|Any CPU
		{1501CC43-6991-3753-194A-ACC75C854112}.Debug|Any CPU.ActiveCfg = Debug|Any CPU
		{1501CC43-6991-3753-194A-ACC75C854112}.Debug|Any CPU.Build.0 = Debug|Any CPU
		{B42B0AA5-5EA2-83F6-CC90-EEE3146C9E98}.Debug|Any CPU.ActiveCfg = Debug|Any CPU
		{B42B0AA5-5EA2-83F6-CC90-EEE3146C9E98}.Debug|Any CPU.Build.0 = Debug|Any CPU
		{4B5A9053-75ED-FEA0-656E-28A6911FD507}.Debug|Any CPU.ActiveCfg = Debug|Any CPU
		{4B5A9053-75ED-FEA0-656E-28A6911FD507}.Debug|Any CPU.Build.0 = Debug|Any CPU
		{9FB3209E-20E8-3255-B5A9-62065671F567}.Debug|Any CPU.ActiveCfg = Debug|Any CPU
		{9FB3209E-20E8-3255-B5A9-62065671F567}.Debug|Any CPU.Build.0 = Debug|Any CPU
	EndGlobalSection
	GlobalSection(SolutionProperties) = preSolution
		HideSolutionNode = FALSE
	EndGlobalSection
	GlobalSection(ExtensibilityGlobals) = postSolution
		SolutionGuid = {2A03FEE5-D31A-4B09-94C5-22A299DEB5BE}
	EndGlobalSection
EndGlobal
